
Microsoft Visual Studio Solution File, Format Version 12.00
# Visual Studio Version 17
VisualStudioVersion = 17.14.36429.23 d17.14
MinimumVisualStudioVersion = 10.0.40219.1
Project("{FAE04EC0-301F-11D3-BF4B-00C04F79EFBC}") = "SistemaProduccionMVC", "SistemaProduccionMVC\SistemaProduccionMVC.csproj", "{6609130E-379A-4784-907D-E1871DD8E4F6}"
EndProject
Global
	GlobalSection(SolutionConfigurationPlatforms) = preSolution
		Debug|Any CPU = Debug|Any CPU
		Release|Any CPU = Release|Any CPU
	EndGlobalSection
	GlobalSection(ProjectConfigurationPlatforms) = postSolution
		{6609130E-379A-4784-907D-E1871DD8E4F6}.Debug|Any CPU.ActiveCfg = Debug|Any CPU
		{6609130E-379A-4784-907D-E1871DD8E4F6}.Debug|Any CPU.Build.0 = Debug|Any CPU
		{6609130E-379A-4784-907D-E1871DD8E4F6}.Release|Any CPU.ActiveCfg = Release|Any CPU
		{6609130E-379A-4784-907D-E1871DD8E4F6}.Release|Any CPU.Build.0 = Release|Any CPU
	EndGlobalSection
	GlobalSection(SolutionProperties) = preSolution
		HideSolutionNode = FALSE
	EndGlobalSection
	GlobalSection(ExtensibilityGlobals) = postSolution
		SolutionGuid = {DFFE0605-BBBA-4692-BA48-C982F1AD41E0}
	EndGlobalSection
EndGlobal
